// !$*UTF8*$!
{
	archiveVersion = 1;
	classes = {
	};
	objectVersion = 46;
	objects = {

/* Begin PBXBuildFile section */
		FC4835CF1C36E39200057FCD /* AppDelegate.swift in Sources */ = {isa = PBXBuildFile; fileRef = FC4835CE1C36E39200057FCD /* AppDelegate.swift */; };
		FC4835D11C36E39200057FCD /* ViewController.swift in Sources */ = {isa = PBXBuildFile; fileRef = FC4835D01C36E39200057FCD /* ViewController.swift */; };
		FC4835D41C36E39200057FCD /* Main.storyboard in Resources */ = {isa = PBXBuildFile; fileRef = FC4835D21C36E39200057FCD /* Main.storyboard */; };
		FC4835D61C36E39300057FCD /* Assets.xcassets in Resources */ = {isa = PBXBuildFile; fileRef = FC4835D51C36E39300057FCD /* Assets.xcassets */; };
		FC4835D91C36E39300057FCD /* LaunchScreen.storyboard in Resources */ = {isa = PBXBuildFile; fileRef = FC4835D71C36E39300057FCD /* LaunchScreen.storyboard */; };
		FC4835E11C36F58700057FCD /* DetailsVC.swift in Sources */ = {isa = PBXBuildFile; fileRef = FC4835E01C36F58700057FCD /* DetailsVC.swift */; };
/* End PBXBuildFile section */

/* Begin PBXFileReference section */
		FC4835CB1C36E39200057FCD /* sizeClass2.app */ = {isa = PBXFileReference; explicitFileType = wrapper.application; includeInIndex = 0; path = sizeClass2.app; sourceTree = BUILT_PRODUCTS_DIR; };
		FC4835CE1C36E39200057FCD /* AppDelegate.swift */ = {isa = PBXFileReference; lastKnownFileType = sourcecode.swift; path = AppDelegate.swift; sourceTree = "<group>"; };
		FC4835D01C36E39200057FCD /* ViewController.swift */ = {isa = PBXFileReference; lastKnownFileType = sourcecode.swift; path = ViewController.swift; sourceTree = "<group>"; };
		FC4835D31C36E39200057FCD /* Base */ = {isa = PBXFileReference; lastKnownFileType = file.storyboard; name = Base; path = Base.lproj/Main.storyboard; sourceTree = "<group>"; };
		FC4835D51C36E39300057FCD /* Assets.xcassets */ = {isa = PBXFileReference; lastKnownFileType = folder.assetcatalog; path = Assets.xcassets; sourceTree = "<group>"; };
		FC4835D81C36E39300057FCD /* Base */ = {isa = PBXFileReference; lastKnownFileType = file.storyboard; name = Base; path = Base.lproj/LaunchScreen.storyboard; sourceTree = "<group>"; };
		FC4835DA1C36E39300057FCD /* Info.plist */ = {isa = PBXFileReference; lastKnownFileType = text.plist.xml; path = Info.plist; sourceTree = "<group>"; };
		FC4835E01C36F58700057FCD /* DetailsVC.swift */ = {isa = PBXFileReference; fileEncoding = 4; lastKnownFileType = sourcecode.swift; path = DetailsVC.swift; sourceTree = "<group>"; };
/* End PBXFileReference section */

/* Begin PBXFrameworksBuildPhase section */
		FC4835C81C36E39200057FCD /* Frameworks */ = {
			isa = PBXFrameworksBuildPhase;
			buildActionMask = 2147483647;
			files = (
			);
			runOnlyForDeploymentPostprocessing = 0;
		};
/* End PBXFrameworksBuildPhase section */

/* Begin PBXGroup section */
		FC4835C21C36E39100057FCD = {
			isa = PBXGroup;
			children = (
				FC4835CD1C36E39200057FCD /* sizeClass2 */,
				FC4835CC1C36E39200057FCD /* Products */,
			);
			sourceTree = "<group>";
		};
		FC4835CC1C36E39200057FCD /* Products */ = {
			isa = PBXGroup;
			children = (
				FC4835CB1C36E39200057FCD /* sizeClass2.app */,
			);
			name = Products;
			sourceTree = "<group>";
		};
		FC4835CD1C36E39200057FCD /* sizeClass2 */ = {
			isa = PBXGroup;
			children = (
				FC4835D01C36E39200057FCD /* ViewController.swift */,
				FC4835E01C36F58700057FCD /* DetailsVC.swift */,
				FC4835D21C36E39200057FCD /* Main.storyboard */,
				FC4835D51C36E39300057FCD /* Assets.xcassets */,
				FC4835D71C36E39300057FCD /* LaunchScreen.storyboard */,
				FC4835CE1C36E39200057FCD /* AppDelegate.swift */,
				FC4835DA1C36E39300057FCD /* Info.plist */,
			);
			path = sizeClass2;
			sourceTree = "<group>";
		};
/* End PBXGroup section */

/* Begin PBXNativeTarget section */
		FC4835CA1C36E39200057FCD /* sizeClass2 */ = {
			isa = PBXNativeTarget;
			buildConfigurationList = FC4835DD1C36E39300057FCD /* Build configuration list for PBXNativeTarget "sizeClass2" */;
			buildPhases = (
				FC4835C71C36E39200057FCD /* Sources */,
				FC4835C81C36E39200057FCD /* Frameworks */,
				FC4835C91C36E39200057FCD /* Resources */,
			);
			buildRules = (
			);
			dependencies = (
			);
			name = sizeClass2;
			productName = sizeClass2;
			productReference = FC4835CB1C36E39200057FCD /* sizeClass2.app */;
			productType = "com.apple.product-type.application";
		};
/* End PBXNativeTarget section */

/* Begin PBXProject section */
		FC4835C31C36E39100057FCD /* Project object */ = {
			isa = PBXProject;
			attributes = {
				LastSwiftUpdateCheck = 0720;
				LastUpgradeCheck = 0720;
				ORGANIZATIONNAME = "ciccio boles";
				TargetAttributes = {
					FC4835CA1C36E39200057FCD = {
						CreatedOnToolsVersion = 7.2;
					};
				};
			};
			buildConfigurationList = FC4835C61C36E39200057FCD /* Build configuration list for PBXProject "sizeClass2" */;
			compatibilityVersion = "Xcode 3.2";
			developmentRegion = English;
			hasScannedForEncodings = 0;
			knownRegions = (
				en,
				Base,
			);
			mainGroup = FC4835C21C36E39100057FCD;
			productRefGroup = FC4835CC1C36E39200057FCD /* Products */;
			projectDirPath = "";
			projectRoot = "";
			targets = (
				FC4835CA1C36E39200057FCD /* sizeClass2 */,
			);
		};
/* End PBXProject section */

/* Begin PBXResourcesBuildPhase section */
		FC4835C91C36E39200057FCD /* Resources */ = {
			isa = PBXResourcesBuildPhase;
			buildActionMask = 2147483647;
			files = (
				FC4835D91C36E39300057FCD /* LaunchScreen.storyboard in Resources */,
				FC4835D61C36E39300057FCD /* Assets.xcassets in Resources */,
				FC4835D41C36E39200057FCD /* Main.storyboard in Resources */,
			);
			runOnlyForDeploymentPostprocessing = 0;
		};
/* End PBXResourcesBuildPhase section */

/* Begin PBXSourcesBuildPhase section */
		FC4835C71C36E39200057FCD /* Sources */ = {
			isa = PBXSourcesBuildPhase;
			buildActionMask = 2147483647;
			files = (
				FC4835D11C36E39200057FCD /* ViewController.swift in Sources */,
				FC4835E11C36F58700057FCD /* DetailsVC.swift in Sources */,
				FC4835CF1C36E39200057FCD /* AppDelegate.swift in Sources */,
			);
			runOnlyForDeploymentPostprocessing = 0;
		};
/* End PBXSourcesBuildPhase section */

/* Begin PBXVariantGroup section */
		FC4835D21C36E39200057FCD /* Main.storyboard */ = {
			isa = PBXVariantGroup;
			children = (
				FC4835D31C36E39200057FCD /* Base */,
			);
			name = Main.storyboard;
			sourceTree = "<group>";
		};
		FC4835D71C36E39300057FCD /* LaunchScreen.storyboard */ = {
			isa = PBXVariantGroup;
			children = (
				FC4835D81C36E39300057FCD /* Base */,
			);
			name = LaunchScreen.storyboard;
			sourceTree = "<group>";
		};
/* End PBXVariantGroup section */

/* Begin XCBuildConfiguration section */
		FC4835DB1C36E39300057FCD /* Debug */ = {
			isa = XCBuildConfiguration;
			buildSettings = {
				ALWAYS_SEARCH_USER_PATHS = NO;
				CLANG_CXX_LANGUAGE_STANDARD = "gnu++0x";
				CLANG_CXX_LIBRARY = "libc++";
				CLANG_ENABLE_MODULES = YES;
				CLANG_ENABLE_OBJC_ARC = YES;
				CLANG_WARN_BOOL_CONVERSION = YES;
				CLANG_WARN_CONSTANT_CONVERSION = YES;
				CLANG_WARN_DIRECT_OBJC_ISA_USAGE = YES_ERROR;
				CLANG_WARN_EMPTY_BODY = YES;
				CLANG_WARN_ENUM_CONVERSION = YES;
				CLANG_WARN_INT_CONVERSION = YES;
				CLANG_WARN_OBJC_ROOT_CLASS = YES_ERROR;
				CLANG_WARN_UNREACHABLE_CODE = YES;
				CLANG_WARN__DUPLICATE_METHOD_MATCH = YES;
				"CODE_SIGN_IDENTITY[sdk=iphoneos*]" = "iPhone Developer";
				COPY_PHASE_STRIP = NO;
				DEBUG_INFORMATION_FORMAT = dwarf;
				ENABLE_STRICT_OBJC_MSGSEND = YES;
				ENABLE_TESTABILITY = YES;
				GCC_C_LANGUAGE_STANDARD = gnu99;
				GCC_DYNAMIC_NO_PIC = NO;
				GCC_NO_COMMON_BLOCKS = YES;
				GCC_OPTIMIZATION_LEVEL = 0;
				GCC_PREPROCESSOR_DEFINITIONS = (
					"DEBUG=1",
					"$(inherited)",
				);
				GCC_WARN_64_TO_32_BIT_CONVERSION = YES;
				GCC_WARN_ABOUT_RETURN_TYPE = YES_ERROR;
				GCC_WARN_UNDECLARED_SELECTOR = YES;
				GCC_WARN_UNINITIALIZED_AUTOS = YES_AGGRESSIVE;
				GCC_WARN_UNUSED_FUNCTION = YES;
				GCC_WARN_UNUSED_VARIABLE = YES;
				IPHONEOS_DEPLOYMENT_TARGET = 9.2;
				MTL_ENABLE_DEBUG_INFO = YES;
				ONLY_ACTIVE_ARCH = YES;
				SDKROOT = iphoneos;
				SWIFT_OPTIMIZATION_LEVEL = "-Onone";
				TARGETED_DEVICE_FAMILY = "1,2";
			};
			name = Debug;
		};
		FC4835DC1C36E39300057FCD /* Release */ = {
			isa = XCBuildConfiguration;
			buildSettings = {
				ALWAYS_SEARCH_USER_PATHS = NO;
				CLANG_CXX_LANGUAGE_STANDARD = "gnu++0x";
				CLANG_CXX_LIBRARY = "libc++";
				CLANG_ENABLE_MODULES = YES;
				CLANG_ENABLE_OBJC_ARC = YES;
				CLANG_WARN_BOOL_CONVERSION = YES;
				CLANG_WARN_CONSTANT_CONVERSION = YES;
				CLANG_WARN_DIRECT_OBJC_ISA_USAGE = YES_ERROR;
				CLANG_WARN_EMPTY_BODY = YES;
				CLANG_WARN_ENUM_CONVERSION = YES;
				CLANG_WARN_INT_CONVERSION = YES;
				CLANG_WARN_OBJC_ROOT_CLASS = YES_ERROR;
				CLANG_WARN_UNREACHABLE_CODE = YES;
				CLANG_WARN__DUPLICATE_METHOD_MATCH = YES;
				"CODE_SIGN_IDENTITY[sdk=iphoneos*]" = "iPhone Developer";
				COPY_PHASE_STRIP = NO;
				DEBUG_INFORMATION_FORMAT = "dwarf-with-dsym";
				ENABLE_NS_ASSERTIONS = NO;
				ENABLE_STRICT_OBJC_MSGSEND = YES;
				GCC_C_LANGUAGE_STANDARD = gnu99;
				GCC_NO_COMMON_BLOCKS = YES;
				GCC_WARN_64_TO_32_BIT_CONVERSION = YES;
				GCC_WARN_ABOUT_RETURN_TYPE = YES_ERROR;
				GCC_WARN_UNDECLARED_SELECTOR = YES;
				GCC_WARN_UNINITIALIZED_AUTOS = YES_AGGRESSIVE;
				GCC_WARN_UNUSED_FUNCTION = YES;
				GCC_WARN_UNUSED_VARIABLE = YES;
				IPHONEOS_DEPLOYMENT_TARGET = 9.2;
				MTL_ENABLE_DEBUG_INFO = NO;
				SDKROOT = iphoneos;
				TARGETED_DEVICE_FAMILY = "1,2";
				VALIDATE_PRODUCT = YES;
			};
			name = Release;
		};
		FC4835DE1C36E39300057FCD /* Debug */ = {
			isa = XCBuildConfiguration;
			buildSettings = {
				ASSETCATALOG_COMPILER_APPICON_NAME = AppIcon;
				INFOPLIST_FILE = sizeClass2/Info.plist;
				LD_RUNPATH_SEARCH_PATHS = "$(inherited) @executable_path/Frameworks";
				PRODUCT_BUNDLE_IDENTIFIER = com.ciccio.sizeClass2;
				PRODUCT_NAME = "$(TARGET_NAME)";
			};
			name = Debug;
		};
		FC4835DF1C36E39300057FCD /* Release */ = {
			isa = XCBuildConfiguration;
			buildSettings = {
				ASSETCATALOG_COMPILER_APPICON_NAME = AppIcon;
				INFOPLIST_FILE = sizeClass2/Info.plist;
				LD_RUNPATH_SEARCH_PATHS = "$(inherited) @executable_path/Frameworks";
				PRODUCT_BUNDLE_IDENTIFIER = com.ciccio.sizeClass2;
				PRODUCT_NAME = "$(TARGET_NAME)";
			};
			name = Release;
		};
/* End XCBuildConfiguration section */

/* Begin XCConfigurationList section */
		FC4835C61C36E39200057FCD /* Build configuration list for PBXProject "sizeClass2" */ = {
			isa = XCConfigurationList;
			buildConfigurations = (
				FC4835DB1C36E39300057FCD /* Debug */,
				FC4835DC1C36E39300057FCD /* Release */,
			);
			defaultConfigurationIsVisible = 0;
			defaultConfigurationName = Release;
		};
		FC4835DD1C36E39300057FCD /* Build configuration list for PBXNativeTarget "sizeClass2" */ = {
			isa = XCConfigurationList;
			buildConfigurations = (
				FC4835DE1C36E39300057FCD /* Debug */,
				FC4835DF1C36E39300057FCD /* Release */,
			);
			defaultConfigurationIsVisible = 0;
			defaultConfigurationName = Release;
		};
/* End XCConfigurationList section */
	};
	rootObject = FC4835C31C36E39100057FCD /* Project object */;
}
